
Microsoft Visual Studio Solution File, Format Version 12.00
# Visual Studio Version 16
VisualStudioVersion = 16.0.31313.79
MinimumVisualStudioVersion = 10.0.40219.1
Project("{FAE04EC0-301F-11D3-BF4B-00C04F79EFBC}") = "JokeWeb", "JokeWeb\JokeWeb.csproj", "{9624B10B-BAE1-406F-BF21-FE60F72E21F3}"
EndProject
Global
	GlobalSection(SolutionConfigurationPlatforms) = preSolution
		Debug|Any CPU = Debug|Any CPU
		Release|Any CPU = Release|Any CPU
	EndGlobalSection
	GlobalSection(ProjectConfigurationPlatforms) = postSolution
		{9624B10B-BAE1-406F-BF21-FE60F72E21F3}.Debug|Any CPU.ActiveCfg = Debug|Any CPU
		{9624B10B-BAE1-406F-BF21-FE60F72E21F3}.Debug|Any CPU.Build.0 = Debug|Any CPU
		{9624B10B-BAE1-406F-BF21-FE60F72E21F3}.Release|Any CPU.ActiveCfg = Release|Any CPU
		{9624B10B-BAE1-406F-BF21-FE60F72E21F3}.Release|Any CPU.Build.0 = Release|Any CPU
	EndGlobalSection
	GlobalSection(SolutionProperties) = preSolution
		HideSolutionNode = FALSE
	EndGlobalSection
	GlobalSection(ExtensibilityGlobals) = postSolution
		SolutionGuid = {D3DEC850-5E57-4D1A-B455-2152B4E326A9}
	EndGlobalSection
EndGlobal
